
Microsoft Visual Studio Solution File, Format Version 12.00
# Visual Studio 14
VisualStudioVersion = 14.0.23107.0
MinimumVisualStudioVersion = 10.0.40219.1
Project("{2150E333-8FDC-42A3-9474-1A3956D46DE8}") = "Modules", "Modules", "{9BD8C093-C97E-4CC6-81DE-358A519B66F7}"
EndProject
Project("{2150E333-8FDC-42A3-9474-1A3956D46DE8}") = "Customer", "Customer", "{9FC01EDD-438C-4B1C-8C6B-787C8E20D196}"
EndProject
Project("{2150E333-8FDC-42A3-9474-1A3956D46DE8}") = "CustRelations", "CustRelations", "{36FCD68D-DA77-4834-B495-2D8B181E2A5A}"
EndProject
Project("{FAE04EC0-301F-11D3-BF4B-00C04F79EFBC}") = "Customer.BusinessComponent", "Source\Modules\Customer\Customer.BusinessComponent\Customer.BusinessComponent.csproj", "{3B893E8A-22DD-4DFF-A1A1-D6E95A183E2F}"
EndProject
Project("{FAE04EC0-301F-11D3-BF4B-00C04F79EFBC}") = "Customer.BusinessEntity", "Source\Modules\Customer\Customer.BusinessEntity\Customer.BusinessEntity.csproj", "{1EBB63B5-19B8-44D6-94B2-04CEAF8754AA}"
EndProject
Project("{FAE04EC0-301F-11D3-BF4B-00C04F79EFBC}") = "Customer.Interface", "Source\Modules\Customer\Customer.Interface\Customer.Interface.csproj", "{2A996CDA-0240-411B-A6AB-B029CD38EEF6}"
EndProject
Project("{FAE04EC0-301F-11D3-BF4B-00C04F79EFBC}") = "Customer.BusinessService", "Source\Modules\Customer\Customer.BusinessService\Customer.BusinessService.csproj", "{A35D1743-56CA-4154-B53C-B27DE6CA671C}"
EndProject
Project("{FAE04EC0-301F-11D3-BF4B-00C04F79EFBC}") = "Customer.DataAccess", "Source\Modules\Customer\Customer.DataAccess\Customer.DataAccess.csproj", "{79056906-C6C1-4C83-92F2-C4AE06F4BC80}"
	ProjectSection(ProjectDependencies) = postProject
		{1EBB63B5-19B8-44D6-94B2-04CEAF8754AA} = {1EBB63B5-19B8-44D6-94B2-04CEAF8754AA}
	EndProjectSection
EndProject
Project("{2150E333-8FDC-42A3-9474-1A3956D46DE8}") = "Sites", "Sites", "{0BE0DCED-EBD9-42C0-BF5C-960903C1AACF}"
EndProject
Project("{FAE04EC0-301F-11D3-BF4B-00C04F79EFBC}") = "CCN.WebAPI", "Source\Sites\CCN.WebAPI\CCN.WebAPI.csproj", "{C8EC0ADF-0F63-4E94-9315-6AC4BD336A4F}"
EndProject
Project("{2150E333-8FDC-42A3-9474-1A3956D46DE8}") = "Base", "Base", "{FAE2AF9B-E2DD-4522-AB6D-0DB0142E5DA9}"
EndProject
Project("{FAE04EC0-301F-11D3-BF4B-00C04F79EFBC}") = "Base.BusinessComponent", "Source\Modules\Base\Base.BusinessComponent\Base.BusinessComponent.csproj", "{D32EEAFF-F5AB-41BF-A6E5-81462EFF6FF5}"
EndProject
Project("{FAE04EC0-301F-11D3-BF4B-00C04F79EFBC}") = "Base.BusinessEntity", "Source\Modules\Base\Base.BusinessEntity\Base.BusinessEntity.csproj", "{3A30DE17-5DB9-4C7F-AEA1-D8C64D15AD15}"
EndProject
Project("{FAE04EC0-301F-11D3-BF4B-00C04F79EFBC}") = "Base.BusinessService", "Source\Modules\Base\Base.BusinessService\Base.BusinessService.csproj", "{C93BAA75-0747-4889-A50B-EB475477B85C}"
EndProject
Project("{FAE04EC0-301F-11D3-BF4B-00C04F79EFBC}") = "Base.DataAccess", "Source\Modules\Base\Base.DataAccess\Base.DataAccess.csproj", "{6DE16C24-8037-4781-863F-84A41283E1F5}"
EndProject
Project("{FAE04EC0-301F-11D3-BF4B-00C04F79EFBC}") = "Base.Interface", "Source\Modules\Base\Base.Interface\Base.Interface.csproj", "{A96560B5-831E-489D-A4CC-737F6C35C57A}"
EndProject
Project("{2150E333-8FDC-42A3-9474-1A3956D46DE8}") = "Car", "Car", "{BD13CF88-2106-4F63-99B2-9E89666662CF}"
EndProject
Project("{FAE04EC0-301F-11D3-BF4B-00C04F79EFBC}") = "Car.BusinessEntity", "Source\Modules\Car\Car.BusinessEntity\Car.BusinessEntity.csproj", "{9BEB54F2-B400-4BFC-BBFF-BA0434A4A18C}"
EndProject
Project("{FAE04EC0-301F-11D3-BF4B-00C04F79EFBC}") = "Car.BusinessComponent", "Source\Modules\Car\Car.BusinessComponent\Car.BusinessComponent.csproj", "{F0ED08FD-B0D0-49C5-834A-82F9A69B1CAB}"
EndProject
Project("{FAE04EC0-301F-11D3-BF4B-00C04F79EFBC}") = "Car.BusinessService", "Source\Modules\Car\Car.BusinessService\Car.BusinessService.csproj", "{E63E87EC-289C-4958-B8D1-FA8D6BC0487C}"
EndProject
Project("{FAE04EC0-301F-11D3-BF4B-00C04F79EFBC}") = "Car.DataAccess", "Source\Modules\Car\Car.DataAccess\Car.DataAccess.csproj", "{93B0DCE0-839F-492B-8D5B-FE5DA619F46B}"
EndProject
Project("{FAE04EC0-301F-11D3-BF4B-00C04F79EFBC}") = "Car.Interface", "Source\Modules\Car\Car.Interface\Car.Interface.csproj", "{9589C3E4-A3A5-4B8F-89A6-FA37DE391507}"
EndProject
Project("{FAE04EC0-301F-11D3-BF4B-00C04F79EFBC}") = "CustRelations.BusinessComponent", "Source\Modules\CustRelations\CustRelations.BusinessComponent\CustRelations.BusinessComponent.csproj", "{8C5792A8-ACC3-4371-A32C-359D60260A26}"
EndProject
Project("{FAE04EC0-301F-11D3-BF4B-00C04F79EFBC}") = "CustRelations.BusinessEntity", "Source\Modules\CustRelations\CustRelations.BusinessEntity\CustRelations.BusinessEntity.csproj", "{E5222921-E8D5-4477-BCB6-A6C6523A8BA6}"
EndProject
Project("{FAE04EC0-301F-11D3-BF4B-00C04F79EFBC}") = "CustRelations.BusinessService", "Source\Modules\CustRelations\CustRelations.BusinessService\CustRelations.BusinessService.csproj", "{1605E032-8E00-41FE-9535-A6A02F743733}"
EndProject
Project("{FAE04EC0-301F-11D3-BF4B-00C04F79EFBC}") = "CustRelations.DataAccess", "Source\Modules\CustRelations\CustRelations.DataAccess\CustRelations.DataAccess.csproj", "{52AEB631-23D9-4ECB-A959-343AE58866BC}"
EndProject
Project("{FAE04EC0-301F-11D3-BF4B-00C04F79EFBC}") = "CustRelations.Interface", "Source\Modules\CustRelations\CustRelations.Interface\CustRelations.Interface.csproj", "{527134B6-D0FF-4453-82A4-DE61FFE7BF26}"
EndProject
Project("{FAE04EC0-301F-11D3-BF4B-00C04F79EFBC}") = "CCN.Midware.Wechat", "Source\Sites\CCN.Midware.Wechat\CCN.Midware.Wechat.csproj", "{B559AC6B-7467-462B-8790-2A021AE922C1}"
EndProject
Project("{2150E333-8FDC-42A3-9474-1A3956D46DE8}") = "DataAnalysis", "DataAnalysis", "{525DFF88-8541-43BB-A93D-7F7D544BD33F}"
EndProject
Project("{FAE04EC0-301F-11D3-BF4B-00C04F79EFBC}") = "DataAnalysis.BusinessComponent", "Source\Modules\DataAnalysis\DataAnalysis.BusinessComponent\DataAnalysis.BusinessComponent.csproj", "{337B5625-1002-4557-B9F7-FFDF53AF27FE}"
EndProject
Project("{FAE04EC0-301F-11D3-BF4B-00C04F79EFBC}") = "DataAnalysis.BusinessEntity", "Source\Modules\DataAnalysis\DataAnalysis.BusinessEntity\DataAnalysis.BusinessEntity.csproj", "{7C36D3ED-B3DD-41E9-9BBD-0709F00BE722}"
EndProject
Project("{FAE04EC0-301F-11D3-BF4B-00C04F79EFBC}") = "DataAnalysis.BusinessService", "Source\Modules\DataAnalysis\DataAnalysis.BusinessService\DataAnalysis.BusinessService.csproj", "{6AEAD942-6E96-4E96-8018-900F48043FED}"
EndProject
Project("{FAE04EC0-301F-11D3-BF4B-00C04F79EFBC}") = "DataAnalysis.DataAccess", "Source\Modules\DataAnalysis\DataAnalysis.DataAccess\DataAnalysis.DataAccess.csproj", "{31D9E79E-797C-4A07-A3C5-9562AFC650BE}"
EndProject
Project("{FAE04EC0-301F-11D3-BF4B-00C04F79EFBC}") = "DataAnalysis.Interface", "Source\Modules\DataAnalysis\DataAnalysis.Interface\DataAnalysis.Interface.csproj", "{6D08832F-7DF7-435D-B992-B63A9965B74F}"
EndProject
Project("{2150E333-8FDC-42A3-9474-1A3956D46DE8}") = "WebAPITest", "WebAPITest", "{2F242995-FF7B-4B57-91C8-DC0EE35C3A53}"
EndProject
Project("{FAE04EC0-301F-11D3-BF4B-00C04F79EFBC}") = "WebAPITest", "UnitTest\WebAPI\WebAPITest\WebAPITest.csproj", "{63AFB0B7-66E3-4FCE-A24C-C26FFEF7046F}"
EndProject
Global
	GlobalSection(SolutionConfigurationPlatforms) = preSolution
		Debug|Any CPU = Debug|Any CPU
		Release|Any CPU = Release|Any CPU
	EndGlobalSection
	GlobalSection(ProjectConfigurationPlatforms) = postSolution
		{3B893E8A-22DD-4DFF-A1A1-D6E95A183E2F}.Debug|Any CPU.ActiveCfg = Debug|Any CPU
		{3B893E8A-22DD-4DFF-A1A1-D6E95A183E2F}.Debug|Any CPU.Build.0 = Debug|Any CPU
		{3B893E8A-22DD-4DFF-A1A1-D6E95A183E2F}.Release|Any CPU.ActiveCfg = Release|Any CPU
		{3B893E8A-22DD-4DFF-A1A1-D6E95A183E2F}.Release|Any CPU.Build.0 = Release|Any CPU
		{1EBB63B5-19B8-44D6-94B2-04CEAF8754AA}.Debug|Any CPU.ActiveCfg = Debug|Any CPU
		{1EBB63B5-19B8-44D6-94B2-04CEAF8754AA}.Debug|Any CPU.Build.0 = Debug|Any CPU
		{1EBB63B5-19B8-44D6-94B2-04CEAF8754AA}.Release|Any CPU.ActiveCfg = Release|Any CPU
		{1EBB63B5-19B8-44D6-94B2-04CEAF8754AA}.Release|Any CPU.Build.0 = Release|Any CPU
		{2A996CDA-0240-411B-A6AB-B029CD38EEF6}.Debug|Any CPU.ActiveCfg = Debug|Any CPU
		{2A996CDA-0240-411B-A6AB-B029CD38EEF6}.Debug|Any CPU.Build.0 = Debug|Any CPU
		{2A996CDA-0240-411B-A6AB-B029CD38EEF6}.Release|Any CPU.ActiveCfg = Release|Any CPU
		{2A996CDA-0240-411B-A6AB-B029CD38EEF6}.Release|Any CPU.Build.0 = Release|Any CPU
		{A35D1743-56CA-4154-B53C-B27DE6CA671C}.Debug|Any CPU.ActiveCfg = Debug|Any CPU
		{A35D1743-56CA-4154-B53C-B27DE6CA671C}.Debug|Any CPU.Build.0 = Debug|Any CPU
		{A35D1743-56CA-4154-B53C-B27DE6CA671C}.Release|Any CPU.ActiveCfg = Release|Any CPU
		{A35D1743-56CA-4154-B53C-B27DE6CA671C}.Release|Any CPU.Build.0 = Release|Any CPU
		{79056906-C6C1-4C83-92F2-C4AE06F4BC80}.Debug|Any CPU.ActiveCfg = Debug|Any CPU
		{79056906-C6C1-4C83-92F2-C4AE06F4BC80}.Debug|Any CPU.Build.0 = Debug|Any CPU
		{79056906-C6C1-4C83-92F2-C4AE06F4BC80}.Release|Any CPU.ActiveCfg = Release|Any CPU
		{79056906-C6C1-4C83-92F2-C4AE06F4BC80}.Release|Any CPU.Build.0 = Release|Any CPU
		{C8EC0ADF-0F63-4E94-9315-6AC4BD336A4F}.Debug|Any CPU.ActiveCfg = Debug|Any CPU
		{C8EC0ADF-0F63-4E94-9315-6AC4BD336A4F}.Debug|Any CPU.Build.0 = Debug|Any CPU
		{C8EC0ADF-0F63-4E94-9315-6AC4BD336A4F}.Release|Any CPU.ActiveCfg = Release|Any CPU
		{C8EC0ADF-0F63-4E94-9315-6AC4BD336A4F}.Release|Any CPU.Build.0 = Release|Any CPU
		{D32EEAFF-F5AB-41BF-A6E5-81462EFF6FF5}.Debug|Any CPU.ActiveCfg = Debug|Any CPU
		{D32EEAFF-F5AB-41BF-A6E5-81462EFF6FF5}.Debug|Any CPU.Build.0 = Debug|Any CPU
		{D32EEAFF-F5AB-41BF-A6E5-81462EFF6FF5}.Release|Any CPU.ActiveCfg = Release|Any CPU
		{D32EEAFF-F5AB-41BF-A6E5-81462EFF6FF5}.Release|Any CPU.Build.0 = Release|Any CPU
		{3A30DE17-5DB9-4C7F-AEA1-D8C64D15AD15}.Debug|Any CPU.ActiveCfg = Debug|Any CPU
		{3A30DE17-5DB9-4C7F-AEA1-D8C64D15AD15}.Debug|Any CPU.Build.0 = Debug|Any CPU
		{3A30DE17-5DB9-4C7F-AEA1-D8C64D15AD15}.Release|Any CPU.ActiveCfg = Release|Any CPU
		{3A30DE17-5DB9-4C7F-AEA1-D8C64D15AD15}.Release|Any CPU.Build.0 = Release|Any CPU
		{C93BAA75-0747-4889-A50B-EB475477B85C}.Debug|Any CPU.ActiveCfg = Debug|Any CPU
		{C93BAA75-0747-4889-A50B-EB475477B85C}.Debug|Any CPU.Build.0 = Debug|Any CPU
		{C93BAA75-0747-4889-A50B-EB475477B85C}.Release|Any CPU.ActiveCfg = Release|Any CPU
		{C93BAA75-0747-4889-A50B-EB475477B85C}.Release|Any CPU.Build.0 = Release|Any CPU
		{6DE16C24-8037-4781-863F-84A41283E1F5}.Debug|Any CPU.ActiveCfg = Debug|Any CPU
		{6DE16C24-8037-4781-863F-84A41283E1F5}.Debug|Any CPU.Build.0 = Debug|Any CPU
		{6DE16C24-8037-4781-863F-84A41283E1F5}.Release|Any CPU.ActiveCfg = Release|Any CPU
		{6DE16C24-8037-4781-863F-84A41283E1F5}.Release|Any CPU.Build.0 = Release|Any CPU
		{A96560B5-831E-489D-A4CC-737F6C35C57A}.Debug|Any CPU.ActiveCfg = Debug|Any CPU
		{A96560B5-831E-489D-A4CC-737F6C35C57A}.Debug|Any CPU.Build.0 = Debug|Any CPU
		{A96560B5-831E-489D-A4CC-737F6C35C57A}.Release|Any CPU.ActiveCfg = Release|Any CPU
		{A96560B5-831E-489D-A4CC-737F6C35C57A}.Release|Any CPU.Build.0 = Release|Any CPU
		{9BEB54F2-B400-4BFC-BBFF-BA0434A4A18C}.Debug|Any CPU.ActiveCfg = Debug|Any CPU
		{9BEB54F2-B400-4BFC-BBFF-BA0434A4A18C}.Debug|Any CPU.Build.0 = Debug|Any CPU
		{9BEB54F2-B400-4BFC-BBFF-BA0434A4A18C}.Release|Any CPU.ActiveCfg = Release|Any CPU
		{9BEB54F2-B400-4BFC-BBFF-BA0434A4A18C}.Release|Any CPU.Build.0 = Release|Any CPU
		{F0ED08FD-B0D0-49C5-834A-82F9A69B1CAB}.Debug|Any CPU.ActiveCfg = Debug|Any CPU
		{F0ED08FD-B0D0-49C5-834A-82F9A69B1CAB}.Debug|Any CPU.Build.0 = Debug|Any CPU
		{F0ED08FD-B0D0-49C5-834A-82F9A69B1CAB}.Release|Any CPU.ActiveCfg = Release|Any CPU
		{F0ED08FD-B0D0-49C5-834A-82F9A69B1CAB}.Release|Any CPU.Build.0 = Release|Any CPU
		{E63E87EC-289C-4958-B8D1-FA8D6BC0487C}.Debug|Any CPU.ActiveCfg = Debug|Any CPU
		{E63E87EC-289C-4958-B8D1-FA8D6BC0487C}.Debug|Any CPU.Build.0 = Debug|Any CPU
		{E63E87EC-289C-4958-B8D1-FA8D6BC0487C}.Release|Any CPU.ActiveCfg = Release|Any CPU
		{E63E87EC-289C-4958-B8D1-FA8D6BC0487C}.Release|Any CPU.Build.0 = Release|Any CPU
		{93B0DCE0-839F-492B-8D5B-FE5DA619F46B}.Debug|Any CPU.ActiveCfg = Debug|Any CPU
		{93B0DCE0-839F-492B-8D5B-FE5DA619F46B}.Debug|Any CPU.Build.0 = Debug|Any CPU
		{93B0DCE0-839F-492B-8D5B-FE5DA619F46B}.Release|Any CPU.ActiveCfg = Release|Any CPU
		{93B0DCE0-839F-492B-8D5B-FE5DA619F46B}.Release|Any CPU.Build.0 = Release|Any CPU
		{9589C3E4-A3A5-4B8F-89A6-FA37DE391507}.Debug|Any CPU.ActiveCfg = Debug|Any CPU
		{9589C3E4-A3A5-4B8F-89A6-FA37DE391507}.Debug|Any CPU.Build.0 = Debug|Any CPU
		{9589C3E4-A3A5-4B8F-89A6-FA37DE391507}.Release|Any CPU.ActiveCfg = Release|Any CPU
		{9589C3E4-A3A5-4B8F-89A6-FA37DE391507}.Release|Any CPU.Build.0 = Release|Any CPU
		{8C5792A8-ACC3-4371-A32C-359D60260A26}.Debug|Any CPU.ActiveCfg = Debug|Any CPU
		{8C5792A8-ACC3-4371-A32C-359D60260A26}.Debug|Any CPU.Build.0 = Debug|Any CPU
		{8C5792A8-ACC3-4371-A32C-359D60260A26}.Release|Any CPU.ActiveCfg = Release|Any CPU
		{8C5792A8-ACC3-4371-A32C-359D60260A26}.Release|Any CPU.Build.0 = Release|Any CPU
		{E5222921-E8D5-4477-BCB6-A6C6523A8BA6}.Debug|Any CPU.ActiveCfg = Debug|Any CPU
		{E5222921-E8D5-4477-BCB6-A6C6523A8BA6}.Debug|Any CPU.Build.0 = Debug|Any CPU
		{E5222921-E8D5-4477-BCB6-A6C6523A8BA6}.Release|Any CPU.ActiveCfg = Release|Any CPU
		{E5222921-E8D5-4477-BCB6-A6C6523A8BA6}.Release|Any CPU.Build.0 = Release|Any CPU
		{1605E032-8E00-41FE-9535-A6A02F743733}.Debug|Any CPU.ActiveCfg = Debug|Any CPU
		{1605E032-8E00-41FE-9535-A6A02F743733}.Debug|Any CPU.Build.0 = Debug|Any CPU
		{1605E032-8E00-41FE-9535-A6A02F743733}.Release|Any CPU.ActiveCfg = Release|Any CPU
		{1605E032-8E00-41FE-9535-A6A02F743733}.Release|Any CPU.Build.0 = Release|Any CPU
		{52AEB631-23D9-4ECB-A959-343AE58866BC}.Debug|Any CPU.ActiveCfg = Debug|Any CPU
		{52AEB631-23D9-4ECB-A959-343AE58866BC}.Debug|Any CPU.Build.0 = Debug|Any CPU
		{52AEB631-23D9-4ECB-A959-343AE58866BC}.Release|Any CPU.ActiveCfg = Release|Any CPU
		{52AEB631-23D9-4ECB-A959-343AE58866BC}.Release|Any CPU.Build.0 = Release|Any CPU
		{527134B6-D0FF-4453-82A4-DE61FFE7BF26}.Debug|Any CPU.ActiveCfg = Debug|Any CPU
		{527134B6-D0FF-4453-82A4-DE61FFE7BF26}.Debug|Any CPU.Build.0 = Debug|Any CPU
		{527134B6-D0FF-4453-82A4-DE61FFE7BF26}.Release|Any CPU.ActiveCfg = Release|Any CPU
		{527134B6-D0FF-4453-82A4-DE61FFE7BF26}.Release|Any CPU.Build.0 = Release|Any CPU
		{B559AC6B-7467-462B-8790-2A021AE922C1}.Debug|Any CPU.ActiveCfg = Debug|Any CPU
		{B559AC6B-7467-462B-8790-2A021AE922C1}.Debug|Any CPU.Build.0 = Debug|Any CPU
		{B559AC6B-7467-462B-8790-2A021AE922C1}.Release|Any CPU.ActiveCfg = Release|Any CPU
		{B559AC6B-7467-462B-8790-2A021AE922C1}.Release|Any CPU.Build.0 = Release|Any CPU
		{337B5625-1002-4557-B9F7-FFDF53AF27FE}.Debug|Any CPU.ActiveCfg = Debug|Any CPU
		{337B5625-1002-4557-B9F7-FFDF53AF27FE}.Debug|Any CPU.Build.0 = Debug|Any CPU
		{337B5625-1002-4557-B9F7-FFDF53AF27FE}.Release|Any CPU.ActiveCfg = Release|Any CPU
		{337B5625-1002-4557-B9F7-FFDF53AF27FE}.Release|Any CPU.Build.0 = Release|Any CPU
		{7C36D3ED-B3DD-41E9-9BBD-0709F00BE722}.Debug|Any CPU.ActiveCfg = Debug|Any CPU
		{7C36D3ED-B3DD-41E9-9BBD-0709F00BE722}.Debug|Any CPU.Build.0 = Debug|Any CPU
		{7C36D3ED-B3DD-41E9-9BBD-0709F00BE722}.Release|Any CPU.ActiveCfg = Release|Any CPU
		{7C36D3ED-B3DD-41E9-9BBD-0709F00BE722}.Release|Any CPU.Build.0 = Release|Any CPU
		{6AEAD942-6E96-4E96-8018-900F48043FED}.Debug|Any CPU.ActiveCfg = Debug|Any CPU
		{6AEAD942-6E96-4E96-8018-900F48043FED}.Debug|Any CPU.Build.0 = Debug|Any CPU
		{6AEAD942-6E96-4E96-8018-900F48043FED}.Release|Any CPU.ActiveCfg = Release|Any CPU
		{6AEAD942-6E96-4E96-8018-900F48043FED}.Release|Any CPU.Build.0 = Release|Any CPU
		{31D9E79E-797C-4A07-A3C5-9562AFC650BE}.Debug|Any CPU.ActiveCfg = Debug|Any CPU
		{31D9E79E-797C-4A07-A3C5-9562AFC650BE}.Debug|Any CPU.Build.0 = Debug|Any CPU
		{31D9E79E-797C-4A07-A3C5-9562AFC650BE}.Release|Any CPU.ActiveCfg = Release|Any CPU
		{31D9E79E-797C-4A07-A3C5-9562AFC650BE}.Release|Any CPU.Build.0 = Release|Any CPU
		{6D08832F-7DF7-435D-B992-B63A9965B74F}.Debug|Any CPU.ActiveCfg = Debug|Any CPU
		{6D08832F-7DF7-435D-B992-B63A9965B74F}.Debug|Any CPU.Build.0 = Debug|Any CPU
		{6D08832F-7DF7-435D-B992-B63A9965B74F}.Release|Any CPU.ActiveCfg = Release|Any CPU
		{6D08832F-7DF7-435D-B992-B63A9965B74F}.Release|Any CPU.Build.0 = Release|Any CPU
		{63AFB0B7-66E3-4FCE-A24C-C26FFEF7046F}.Debug|Any CPU.ActiveCfg = Debug|Any CPU
		{63AFB0B7-66E3-4FCE-A24C-C26FFEF7046F}.Debug|Any CPU.Build.0 = Debug|Any CPU
		{63AFB0B7-66E3-4FCE-A24C-C26FFEF7046F}.Release|Any CPU.ActiveCfg = Release|Any CPU
		{63AFB0B7-66E3-4FCE-A24C-C26FFEF7046F}.Release|Any CPU.Build.0 = Release|Any CPU
	EndGlobalSection
	GlobalSection(SolutionProperties) = preSolution
		HideSolutionNode = FALSE
	EndGlobalSection
	GlobalSection(NestedProjects) = preSolution
		{9FC01EDD-438C-4B1C-8C6B-787C8E20D196} = {9BD8C093-C97E-4CC6-81DE-358A519B66F7}
		{36FCD68D-DA77-4834-B495-2D8B181E2A5A} = {9BD8C093-C97E-4CC6-81DE-358A519B66F7}
		{3B893E8A-22DD-4DFF-A1A1-D6E95A183E2F} = {9FC01EDD-438C-4B1C-8C6B-787C8E20D196}
		{1EBB63B5-19B8-44D6-94B2-04CEAF8754AA} = {9FC01EDD-438C-4B1C-8C6B-787C8E20D196}
		{2A996CDA-0240-411B-A6AB-B029CD38EEF6} = {9FC01EDD-438C-4B1C-8C6B-787C8E20D196}
		{A35D1743-56CA-4154-B53C-B27DE6CA671C} = {9FC01EDD-438C-4B1C-8C6B-787C8E20D196}
		{79056906-C6C1-4C83-92F2-C4AE06F4BC80} = {9FC01EDD-438C-4B1C-8C6B-787C8E20D196}
		{C8EC0ADF-0F63-4E94-9315-6AC4BD336A4F} = {0BE0DCED-EBD9-42C0-BF5C-960903C1AACF}
		{FAE2AF9B-E2DD-4522-AB6D-0DB0142E5DA9} = {9BD8C093-C97E-4CC6-81DE-358A519B66F7}
		{D32EEAFF-F5AB-41BF-A6E5-81462EFF6FF5} = {FAE2AF9B-E2DD-4522-AB6D-0DB0142E5DA9}
		{3A30DE17-5DB9-4C7F-AEA1-D8C64D15AD15} = {FAE2AF9B-E2DD-4522-AB6D-0DB0142E5DA9}
		{C93BAA75-0747-4889-A50B-EB475477B85C} = {FAE2AF9B-E2DD-4522-AB6D-0DB0142E5DA9}
		{6DE16C24-8037-4781-863F-84A41283E1F5} = {FAE2AF9B-E2DD-4522-AB6D-0DB0142E5DA9}
		{A96560B5-831E-489D-A4CC-737F6C35C57A} = {FAE2AF9B-E2DD-4522-AB6D-0DB0142E5DA9}
		{BD13CF88-2106-4F63-99B2-9E89666662CF} = {9BD8C093-C97E-4CC6-81DE-358A519B66F7}
		{9BEB54F2-B400-4BFC-BBFF-BA0434A4A18C} = {BD13CF88-2106-4F63-99B2-9E89666662CF}
		{F0ED08FD-B0D0-49C5-834A-82F9A69B1CAB} = {BD13CF88-2106-4F63-99B2-9E89666662CF}
		{E63E87EC-289C-4958-B8D1-FA8D6BC0487C} = {BD13CF88-2106-4F63-99B2-9E89666662CF}
		{93B0DCE0-839F-492B-8D5B-FE5DA619F46B} = {BD13CF88-2106-4F63-99B2-9E89666662CF}
		{9589C3E4-A3A5-4B8F-89A6-FA37DE391507} = {BD13CF88-2106-4F63-99B2-9E89666662CF}
		{8C5792A8-ACC3-4371-A32C-359D60260A26} = {36FCD68D-DA77-4834-B495-2D8B181E2A5A}
		{E5222921-E8D5-4477-BCB6-A6C6523A8BA6} = {36FCD68D-DA77-4834-B495-2D8B181E2A5A}
		{1605E032-8E00-41FE-9535-A6A02F743733} = {36FCD68D-DA77-4834-B495-2D8B181E2A5A}
		{52AEB631-23D9-4ECB-A959-343AE58866BC} = {36FCD68D-DA77-4834-B495-2D8B181E2A5A}
		{527134B6-D0FF-4453-82A4-DE61FFE7BF26} = {36FCD68D-DA77-4834-B495-2D8B181E2A5A}
		{B559AC6B-7467-462B-8790-2A021AE922C1} = {0BE0DCED-EBD9-42C0-BF5C-960903C1AACF}
		{525DFF88-8541-43BB-A93D-7F7D544BD33F} = {9BD8C093-C97E-4CC6-81DE-358A519B66F7}
		{337B5625-1002-4557-B9F7-FFDF53AF27FE} = {525DFF88-8541-43BB-A93D-7F7D544BD33F}
		{7C36D3ED-B3DD-41E9-9BBD-0709F00BE722} = {525DFF88-8541-43BB-A93D-7F7D544BD33F}
		{6AEAD942-6E96-4E96-8018-900F48043FED} = {525DFF88-8541-43BB-A93D-7F7D544BD33F}
		{31D9E79E-797C-4A07-A3C5-9562AFC650BE} = {525DFF88-8541-43BB-A93D-7F7D544BD33F}
		{6D08832F-7DF7-435D-B992-B63A9965B74F} = {525DFF88-8541-43BB-A93D-7F7D544BD33F}
		{63AFB0B7-66E3-4FCE-A24C-C26FFEF7046F} = {2F242995-FF7B-4B57-91C8-DC0EE35C3A53}
	EndGlobalSection
	GlobalSection(ExtensibilityGlobals) = postSolution
		EnterpriseLibraryConfigurationToolBinariesPathV6 = packages\EnterpriseLibrary.Common.6.0.1304.0\lib\NET45;packages\EnterpriseLibrary.PolicyInjection.6.0.1304.0\lib\NET45;packages\EnterpriseLibrary.Data.6.0.1304.0\lib\NET45;packages\EnterpriseLibrary.ExceptionHandling.6.0.1304.0\lib\NET45;packages\EnterpriseLibrary.Logging.6.0.1304.0\lib\NET45;packages\EnterpriseLibrary.ExceptionHandling.Logging.6.0.1304.0\lib\NET45
	EndGlobalSection
EndGlobal
