
Microsoft Visual Studio Solution File, Format Version 12.00
# Visual Studio 14
VisualStudioVersion = 14.0.23107.0
MinimumVisualStudioVersion = 10.0.40219.1
Project("{2150E333-8FDC-42A3-9474-1A3956D46DE8}") = "Framework", "Framework", "{044FFB9E-C181-4179-937B-BD8F3FAE5DFA}"
EndProject
Project("{2150E333-8FDC-42A3-9474-1A3956D46DE8}") = "Common", "Common", "{FC8DDB53-2352-4524-86CE-87AA990E002A}"
EndProject
Project("{2150E333-8FDC-42A3-9474-1A3956D46DE8}") = "Logging", "Logging", "{6760178C-6AEB-4D14-9666-E82F448C5FE8}"
EndProject
Project("{2150E333-8FDC-42A3-9474-1A3956D46DE8}") = "Security", "Security", "{067A81A2-6C18-48DD-88F0-39F09E6F9DCC}"
EndProject
Project("{2150E333-8FDC-42A3-9474-1A3956D46DE8}") = "Settings", "Settings", "{7323562D-4DCF-4760-BFFF-3A1A27B71424}"
EndProject
Project("{2150E333-8FDC-42A3-9474-1A3956D46DE8}") = "Validation", "Validation", "{E5F9BE49-C976-47A9-BAE5-F89D4662B977}"
EndProject
Project("{2150E333-8FDC-42A3-9474-1A3956D46DE8}") = "Foundation", "Foundation", "{A5961381-E364-4A31-8DFA-6739B6E3CAD3}"
EndProject
Project("{2150E333-8FDC-42A3-9474-1A3956D46DE8}") = "RabbitMQ", "RabbitMQ", "{A504D5D2-30E6-498D-9D09-35E10EA36E9C}"
EndProject
Project("{2150E333-8FDC-42A3-9474-1A3956D46DE8}") = "MessageQueue", "MessageQueue", "{171D73B4-AC07-4288-AFCE-698C8AA8CEE1}"
EndProject
Project("{2150E333-8FDC-42A3-9474-1A3956D46DE8}") = "DMS", "DMS", "{52EB2090-6DF8-432C-BA3C-EBCED67E6532}"
EndProject
Project("{2150E333-8FDC-42A3-9474-1A3956D46DE8}") = "Infrastructure", "Infrastructure", "{81E615E7-13DE-412E-A5CB-A15556430683}"
EndProject
Project("{2150E333-8FDC-42A3-9474-1A3956D46DE8}") = "Worker", "Worker", "{9272F56D-4B51-4995-9D08-7FC9BD1BBCE1}"
EndProject
Project("{FAE04EC0-301F-11D3-BF4B-00C04F79EFBC}") = "Framework.Common", "Source\Framework\Common\Framework.Common\Framework.Common.csproj", "{85D76861-9950-44BD-8D4E-78B74245CA88}"
	ProjectSection(ProjectDependencies) = postProject
		{54FABF0C-CBED-450C-9CBA-2B1846571E10} = {54FABF0C-CBED-450C-9CBA-2B1846571E10}
		{61B5E817-C283-43D7-AE07-73B9E6110EAC} = {61B5E817-C283-43D7-AE07-73B9E6110EAC}
	EndProjectSection
EndProject
Project("{FAE04EC0-301F-11D3-BF4B-00C04F79EFBC}") = "Framework.Common.Server", "Source\Framework\Common\Framework.Common.Server\Framework.Common.Server.csproj", "{6EAAC468-51BF-4624-9EE3-6E46062EFD71}"
	ProjectSection(ProjectDependencies) = postProject
		{54FABF0C-CBED-450C-9CBA-2B1846571E10} = {54FABF0C-CBED-450C-9CBA-2B1846571E10}
		{61B5E817-C283-43D7-AE07-73B9E6110EAC} = {61B5E817-C283-43D7-AE07-73B9E6110EAC}
		{85D76861-9950-44BD-8D4E-78B74245CA88} = {85D76861-9950-44BD-8D4E-78B74245CA88}
	EndProjectSection
EndProject
Project("{FAE04EC0-301F-11D3-BF4B-00C04F79EFBC}") = "Framework.Common.Client", "Source\Framework\Common\Framework.Common.Client\Framework.Common.Client.csproj", "{BAC63DA1-441E-40E9-90B0-8AB7992009F7}"
	ProjectSection(ProjectDependencies) = postProject
		{54FABF0C-CBED-450C-9CBA-2B1846571E10} = {54FABF0C-CBED-450C-9CBA-2B1846571E10}
		{61B5E817-C283-43D7-AE07-73B9E6110EAC} = {61B5E817-C283-43D7-AE07-73B9E6110EAC}
	EndProjectSection
EndProject
Project("{2150E333-8FDC-42A3-9474-1A3956D46DE8}") = "Core", "Core", "{610814A6-DCC5-4CF0-BC11-543104BDD82B}"
EndProject
Project("{FAE04EC0-301F-11D3-BF4B-00C04F79EFBC}") = "Core", "Source\Core\Core\Core.csproj", "{61B5E817-C283-43D7-AE07-73B9E6110EAC}"
EndProject
Project("{FAE04EC0-301F-11D3-BF4B-00C04F79EFBC}") = "EntLib", "Source\Core\EntLib\EntLib.csproj", "{54FABF0C-CBED-450C-9CBA-2B1846571E10}"
EndProject
Project("{2150E333-8FDC-42A3-9474-1A3956D46DE8}") = "AuditTrail", "AuditTrail", "{6300A9C9-238B-4341-A640-A8E43C2B62E1}"
EndProject
Project("{FAE04EC0-301F-11D3-BF4B-00C04F79EFBC}") = "AuditTrail.Interception", "Source\Framework\AuditTrail\AuditTrail.Interception\AuditTrail.Interception.csproj", "{7D7EDB88-C49D-417E-BCE2-8A7B5C8E0093}"
	ProjectSection(ProjectDependencies) = postProject
		{54FABF0C-CBED-450C-9CBA-2B1846571E10} = {54FABF0C-CBED-450C-9CBA-2B1846571E10}
		{61B5E817-C283-43D7-AE07-73B9E6110EAC} = {61B5E817-C283-43D7-AE07-73B9E6110EAC}
	EndProjectSection
EndProject
Project("{2150E333-8FDC-42A3-9474-1A3956D46DE8}") = "UnitTest", "UnitTest", "{73B5BD48-42EA-4359-993C-3A25A6677456}"
EndProject
Project("{2150E333-8FDC-42A3-9474-1A3956D46DE8}") = "Framework", "Framework", "{2E9D59FD-53D8-42ED-A210-9AB2514A6EA9}"
EndProject
Project("{FAE04EC0-301F-11D3-BF4B-00C04F79EFBC}") = "FrameworkTest", "UnitTest\FrameworkTest\FrameworkTest.csproj", "{4D9DFB83-C1CF-49C1-80CB-D1777B098A8F}"
	ProjectSection(ProjectDependencies) = postProject
		{54FABF0C-CBED-450C-9CBA-2B1846571E10} = {54FABF0C-CBED-450C-9CBA-2B1846571E10}
		{61B5E817-C283-43D7-AE07-73B9E6110EAC} = {61B5E817-C283-43D7-AE07-73B9E6110EAC}
		{85D76861-9950-44BD-8D4E-78B74245CA88} = {85D76861-9950-44BD-8D4E-78B74245CA88}
		{6EAAC468-51BF-4624-9EE3-6E46062EFD71} = {6EAAC468-51BF-4624-9EE3-6E46062EFD71}
		{7D7EDB88-C49D-417E-BCE2-8A7B5C8E0093} = {7D7EDB88-C49D-417E-BCE2-8A7B5C8E0093}
		{BAC63DA1-441E-40E9-90B0-8AB7992009F7} = {BAC63DA1-441E-40E9-90B0-8AB7992009F7}
	EndProjectSection
EndProject
Project("{2150E333-8FDC-42A3-9474-1A3956D46DE8}") = "Session", "Session", "{A537F64F-EA1B-4269-B7F6-1413D208292F}"
EndProject
Project("{2150E333-8FDC-42A3-9474-1A3956D46DE8}") = "Caching", "Caching", "{A4A31D15-E767-44DB-93F4-3C84C6970219}"
EndProject
Project("{FAE04EC0-301F-11D3-BF4B-00C04F79EFBC}") = "AuditTrail", "Source\Framework\AuditTrail\AuditTrail\AuditTrail.csproj", "{7CA048FA-FA26-46E9-9919-EC0C22F3097E}"
EndProject
Project("{FAE04EC0-301F-11D3-BF4B-00C04F79EFBC}") = "Caching.Interception", "Source\Framework\Caching\Caching.Interception\Caching.Interception.csproj", "{CFC68F4D-2269-4FAF-8B9C-1D7B6EBC1B51}"
EndProject
Project("{FAE04EC0-301F-11D3-BF4B-00C04F79EFBC}") = "Caching", "Source\Framework\Caching\Caching\Caching.csproj", "{D49DDB53-041B-4122-9CCE-AA9C0E6AB8DA}"
EndProject
Project("{2150E333-8FDC-42A3-9474-1A3956D46DE8}") = "SMS", "SMS", "{A8CA0E8F-80FB-42F0-A57E-2571922F4F9F}"
EndProject
Project("{FAE04EC0-301F-11D3-BF4B-00C04F79EFBC}") = "Foundation.SMS.Common", "Source\Foundation\SMS\Foundation.SMS.Common\Foundation.SMS.Common.csproj", "{094749B8-4E2B-4A25-BFBC-8EBED8E3A2BC}"
EndProject
Project("{2150E333-8FDC-42A3-9474-1A3956D46DE8}") = "SMS", "SMS", "{F6FF5A9A-904A-4DF6-B937-460C0151CE34}"
EndProject
Project("{2150E333-8FDC-42A3-9474-1A3956D46DE8}") = "Wechat", "Wechat", "{EA38744A-208B-4D39-A482-E589FE0098F6}"
EndProject
Project("{FAE04EC0-301F-11D3-BF4B-00C04F79EFBC}") = "Senparc.Weixin.MP", "Source\Foundation\Wechat\Senparc.Weixin.MP\Senparc.Weixin.MP.csproj", "{1D815FBF-451C-4E23-939C-CB80172F445C}"
EndProject
Project("{FAE04EC0-301F-11D3-BF4B-00C04F79EFBC}") = "Senparc.Weixin.Open", "Source\Foundation\Wechat\Senparc.Weixin.Open\Senparc.Weixin.Open.csproj", "{54732C3D-B673-4BBF-B0C3-6432E3D6F522}"
EndProject
Project("{FAE04EC0-301F-11D3-BF4B-00C04F79EFBC}") = "Senparc.Weixin.QY", "Source\Foundation\Wechat\Senparc.Weixin.QY\Senparc.Weixin.QY.csproj", "{2CA35598-F1A1-4DC9-AA20-A4346BFCB954}"
EndProject
Project("{FAE04EC0-301F-11D3-BF4B-00C04F79EFBC}") = "Senparc.Weixin", "Source\Foundation\Wechat\Senparc.Weixin\Senparc.Weixin.csproj", "{814092CD-9CD0-4FB7-91E8-D147F476F1FB}"
EndProject
Project("{FAE04EC0-301F-11D3-BF4B-00C04F79EFBC}") = "Senparc.Weixin.MP.MvcExtension", "Source\Foundation\Wechat\Senparc.Weixin.MP.MvcExtension\Senparc.Weixin.MP.MvcExtension.csproj", "{EE8630BC-6191-4C40-9061-12C76342562D}"
EndProject
Project("{2150E333-8FDC-42A3-9474-1A3956D46DE8}") = "Service", "Service", "{F0D5EA1B-A9BE-4005-88C9-47204FEDB9FB}"
EndProject
Project("{FAE04EC0-301F-11D3-BF4B-00C04F79EFBC}") = "WeChat.BusinessComponent", "Source\Foundation\Wechat\Weixin.BusinessComponent\WeChat.BusinessComponent.csproj", "{8C5792A8-ACC3-4371-A32C-359D60260A26}"
EndProject
Project("{FAE04EC0-301F-11D3-BF4B-00C04F79EFBC}") = "WeChat.BusinessEntity", "Source\Foundation\Wechat\Weixin.BusinessEntity\WeChat.BusinessEntity.csproj", "{E5222921-E8D5-4477-BCB6-A6C6523A8BA6}"
EndProject
Project("{FAE04EC0-301F-11D3-BF4B-00C04F79EFBC}") = "WeChat.BusinessService", "Source\Foundation\Wechat\Weixin.BusinessService\WeChat.BusinessService.csproj", "{1605E032-8E00-41FE-9535-A6A02F743733}"
EndProject
Project("{FAE04EC0-301F-11D3-BF4B-00C04F79EFBC}") = "WeChat.DataAccess", "Source\Foundation\Wechat\Weixin.DataAccess\WeChat.DataAccess.csproj", "{52AEB631-23D9-4ECB-A959-343AE58866BC}"
EndProject
Project("{FAE04EC0-301F-11D3-BF4B-00C04F79EFBC}") = "WeChat.Interface", "Source\Foundation\Wechat\Weixin.Interface\WeChat.Interface.csproj", "{527134B6-D0FF-4453-82A4-DE61FFE7BF26}"
EndProject
Global
	GlobalSection(SolutionConfigurationPlatforms) = preSolution
		Debug|Any CPU = Debug|Any CPU
		Release|Any CPU = Release|Any CPU
		Test|Any CPU = Test|Any CPU
	EndGlobalSection
	GlobalSection(ProjectConfigurationPlatforms) = postSolution
		{85D76861-9950-44BD-8D4E-78B74245CA88}.Debug|Any CPU.ActiveCfg = Debug|Any CPU
		{85D76861-9950-44BD-8D4E-78B74245CA88}.Debug|Any CPU.Build.0 = Debug|Any CPU
		{85D76861-9950-44BD-8D4E-78B74245CA88}.Release|Any CPU.ActiveCfg = Release|Any CPU
		{85D76861-9950-44BD-8D4E-78B74245CA88}.Release|Any CPU.Build.0 = Release|Any CPU
		{85D76861-9950-44BD-8D4E-78B74245CA88}.Test|Any CPU.ActiveCfg = Release|Any CPU
		{85D76861-9950-44BD-8D4E-78B74245CA88}.Test|Any CPU.Build.0 = Release|Any CPU
		{6EAAC468-51BF-4624-9EE3-6E46062EFD71}.Debug|Any CPU.ActiveCfg = Debug|Any CPU
		{6EAAC468-51BF-4624-9EE3-6E46062EFD71}.Debug|Any CPU.Build.0 = Debug|Any CPU
		{6EAAC468-51BF-4624-9EE3-6E46062EFD71}.Release|Any CPU.ActiveCfg = Release|Any CPU
		{6EAAC468-51BF-4624-9EE3-6E46062EFD71}.Release|Any CPU.Build.0 = Release|Any CPU
		{6EAAC468-51BF-4624-9EE3-6E46062EFD71}.Test|Any CPU.ActiveCfg = Release|Any CPU
		{6EAAC468-51BF-4624-9EE3-6E46062EFD71}.Test|Any CPU.Build.0 = Release|Any CPU
		{BAC63DA1-441E-40E9-90B0-8AB7992009F7}.Debug|Any CPU.ActiveCfg = Debug|Any CPU
		{BAC63DA1-441E-40E9-90B0-8AB7992009F7}.Debug|Any CPU.Build.0 = Debug|Any CPU
		{BAC63DA1-441E-40E9-90B0-8AB7992009F7}.Release|Any CPU.ActiveCfg = Release|Any CPU
		{BAC63DA1-441E-40E9-90B0-8AB7992009F7}.Release|Any CPU.Build.0 = Release|Any CPU
		{BAC63DA1-441E-40E9-90B0-8AB7992009F7}.Test|Any CPU.ActiveCfg = Release|Any CPU
		{BAC63DA1-441E-40E9-90B0-8AB7992009F7}.Test|Any CPU.Build.0 = Release|Any CPU
		{61B5E817-C283-43D7-AE07-73B9E6110EAC}.Debug|Any CPU.ActiveCfg = Debug|Any CPU
		{61B5E817-C283-43D7-AE07-73B9E6110EAC}.Debug|Any CPU.Build.0 = Debug|Any CPU
		{61B5E817-C283-43D7-AE07-73B9E6110EAC}.Release|Any CPU.ActiveCfg = Release|Any CPU
		{61B5E817-C283-43D7-AE07-73B9E6110EAC}.Release|Any CPU.Build.0 = Release|Any CPU
		{61B5E817-C283-43D7-AE07-73B9E6110EAC}.Test|Any CPU.ActiveCfg = Release|Any CPU
		{61B5E817-C283-43D7-AE07-73B9E6110EAC}.Test|Any CPU.Build.0 = Release|Any CPU
		{54FABF0C-CBED-450C-9CBA-2B1846571E10}.Debug|Any CPU.ActiveCfg = Debug|Any CPU
		{54FABF0C-CBED-450C-9CBA-2B1846571E10}.Debug|Any CPU.Build.0 = Debug|Any CPU
		{54FABF0C-CBED-450C-9CBA-2B1846571E10}.Release|Any CPU.ActiveCfg = Release|Any CPU
		{54FABF0C-CBED-450C-9CBA-2B1846571E10}.Release|Any CPU.Build.0 = Release|Any CPU
		{54FABF0C-CBED-450C-9CBA-2B1846571E10}.Test|Any CPU.ActiveCfg = Release|Any CPU
		{54FABF0C-CBED-450C-9CBA-2B1846571E10}.Test|Any CPU.Build.0 = Release|Any CPU
		{7D7EDB88-C49D-417E-BCE2-8A7B5C8E0093}.Debug|Any CPU.ActiveCfg = Debug|Any CPU
		{7D7EDB88-C49D-417E-BCE2-8A7B5C8E0093}.Debug|Any CPU.Build.0 = Debug|Any CPU
		{7D7EDB88-C49D-417E-BCE2-8A7B5C8E0093}.Release|Any CPU.ActiveCfg = Release|Any CPU
		{7D7EDB88-C49D-417E-BCE2-8A7B5C8E0093}.Release|Any CPU.Build.0 = Release|Any CPU
		{7D7EDB88-C49D-417E-BCE2-8A7B5C8E0093}.Test|Any CPU.ActiveCfg = Release|Any CPU
		{7D7EDB88-C49D-417E-BCE2-8A7B5C8E0093}.Test|Any CPU.Build.0 = Release|Any CPU
		{4D9DFB83-C1CF-49C1-80CB-D1777B098A8F}.Debug|Any CPU.ActiveCfg = Debug|Any CPU
		{4D9DFB83-C1CF-49C1-80CB-D1777B098A8F}.Debug|Any CPU.Build.0 = Debug|Any CPU
		{4D9DFB83-C1CF-49C1-80CB-D1777B098A8F}.Release|Any CPU.ActiveCfg = Release|Any CPU
		{4D9DFB83-C1CF-49C1-80CB-D1777B098A8F}.Release|Any CPU.Build.0 = Release|Any CPU
		{4D9DFB83-C1CF-49C1-80CB-D1777B098A8F}.Test|Any CPU.ActiveCfg = Release|Any CPU
		{4D9DFB83-C1CF-49C1-80CB-D1777B098A8F}.Test|Any CPU.Build.0 = Release|Any CPU
		{7CA048FA-FA26-46E9-9919-EC0C22F3097E}.Debug|Any CPU.ActiveCfg = Debug|Any CPU
		{7CA048FA-FA26-46E9-9919-EC0C22F3097E}.Debug|Any CPU.Build.0 = Debug|Any CPU
		{7CA048FA-FA26-46E9-9919-EC0C22F3097E}.Release|Any CPU.ActiveCfg = Release|Any CPU
		{7CA048FA-FA26-46E9-9919-EC0C22F3097E}.Release|Any CPU.Build.0 = Release|Any CPU
		{7CA048FA-FA26-46E9-9919-EC0C22F3097E}.Test|Any CPU.ActiveCfg = Release|Any CPU
		{7CA048FA-FA26-46E9-9919-EC0C22F3097E}.Test|Any CPU.Build.0 = Release|Any CPU
		{CFC68F4D-2269-4FAF-8B9C-1D7B6EBC1B51}.Debug|Any CPU.ActiveCfg = Debug|Any CPU
		{CFC68F4D-2269-4FAF-8B9C-1D7B6EBC1B51}.Debug|Any CPU.Build.0 = Debug|Any CPU
		{CFC68F4D-2269-4FAF-8B9C-1D7B6EBC1B51}.Release|Any CPU.ActiveCfg = Release|Any CPU
		{CFC68F4D-2269-4FAF-8B9C-1D7B6EBC1B51}.Release|Any CPU.Build.0 = Release|Any CPU
		{CFC68F4D-2269-4FAF-8B9C-1D7B6EBC1B51}.Test|Any CPU.ActiveCfg = Release|Any CPU
		{CFC68F4D-2269-4FAF-8B9C-1D7B6EBC1B51}.Test|Any CPU.Build.0 = Release|Any CPU
		{D49DDB53-041B-4122-9CCE-AA9C0E6AB8DA}.Debug|Any CPU.ActiveCfg = Debug|Any CPU
		{D49DDB53-041B-4122-9CCE-AA9C0E6AB8DA}.Debug|Any CPU.Build.0 = Debug|Any CPU
		{D49DDB53-041B-4122-9CCE-AA9C0E6AB8DA}.Release|Any CPU.ActiveCfg = Release|Any CPU
		{D49DDB53-041B-4122-9CCE-AA9C0E6AB8DA}.Release|Any CPU.Build.0 = Release|Any CPU
		{D49DDB53-041B-4122-9CCE-AA9C0E6AB8DA}.Test|Any CPU.ActiveCfg = Release|Any CPU
		{D49DDB53-041B-4122-9CCE-AA9C0E6AB8DA}.Test|Any CPU.Build.0 = Release|Any CPU
		{094749B8-4E2B-4A25-BFBC-8EBED8E3A2BC}.Debug|Any CPU.ActiveCfg = Debug|Any CPU
		{094749B8-4E2B-4A25-BFBC-8EBED8E3A2BC}.Debug|Any CPU.Build.0 = Debug|Any CPU
		{094749B8-4E2B-4A25-BFBC-8EBED8E3A2BC}.Release|Any CPU.ActiveCfg = Release|Any CPU
		{094749B8-4E2B-4A25-BFBC-8EBED8E3A2BC}.Release|Any CPU.Build.0 = Release|Any CPU
		{094749B8-4E2B-4A25-BFBC-8EBED8E3A2BC}.Test|Any CPU.ActiveCfg = Release|Any CPU
		{094749B8-4E2B-4A25-BFBC-8EBED8E3A2BC}.Test|Any CPU.Build.0 = Release|Any CPU
		{1D815FBF-451C-4E23-939C-CB80172F445C}.Debug|Any CPU.ActiveCfg = Debug|Any CPU
		{1D815FBF-451C-4E23-939C-CB80172F445C}.Debug|Any CPU.Build.0 = Debug|Any CPU
		{1D815FBF-451C-4E23-939C-CB80172F445C}.Release|Any CPU.ActiveCfg = Release|Any CPU
		{1D815FBF-451C-4E23-939C-CB80172F445C}.Release|Any CPU.Build.0 = Release|Any CPU
		{1D815FBF-451C-4E23-939C-CB80172F445C}.Test|Any CPU.ActiveCfg = Test|Any CPU
		{1D815FBF-451C-4E23-939C-CB80172F445C}.Test|Any CPU.Build.0 = Test|Any CPU
		{54732C3D-B673-4BBF-B0C3-6432E3D6F522}.Debug|Any CPU.ActiveCfg = Debug|Any CPU
		{54732C3D-B673-4BBF-B0C3-6432E3D6F522}.Debug|Any CPU.Build.0 = Debug|Any CPU
		{54732C3D-B673-4BBF-B0C3-6432E3D6F522}.Release|Any CPU.ActiveCfg = Release|Any CPU
		{54732C3D-B673-4BBF-B0C3-6432E3D6F522}.Release|Any CPU.Build.0 = Release|Any CPU
		{54732C3D-B673-4BBF-B0C3-6432E3D6F522}.Test|Any CPU.ActiveCfg = Release|Any CPU
		{54732C3D-B673-4BBF-B0C3-6432E3D6F522}.Test|Any CPU.Build.0 = Release|Any CPU
		{2CA35598-F1A1-4DC9-AA20-A4346BFCB954}.Debug|Any CPU.ActiveCfg = Debug|Any CPU
		{2CA35598-F1A1-4DC9-AA20-A4346BFCB954}.Debug|Any CPU.Build.0 = Debug|Any CPU
		{2CA35598-F1A1-4DC9-AA20-A4346BFCB954}.Release|Any CPU.ActiveCfg = Release|Any CPU
		{2CA35598-F1A1-4DC9-AA20-A4346BFCB954}.Release|Any CPU.Build.0 = Release|Any CPU
		{2CA35598-F1A1-4DC9-AA20-A4346BFCB954}.Test|Any CPU.ActiveCfg = Release|Any CPU
		{2CA35598-F1A1-4DC9-AA20-A4346BFCB954}.Test|Any CPU.Build.0 = Release|Any CPU
		{814092CD-9CD0-4FB7-91E8-D147F476F1FB}.Debug|Any CPU.ActiveCfg = Debug|Any CPU
		{814092CD-9CD0-4FB7-91E8-D147F476F1FB}.Debug|Any CPU.Build.0 = Debug|Any CPU
		{814092CD-9CD0-4FB7-91E8-D147F476F1FB}.Release|Any CPU.ActiveCfg = Release|Any CPU
		{814092CD-9CD0-4FB7-91E8-D147F476F1FB}.Release|Any CPU.Build.0 = Release|Any CPU
		{814092CD-9CD0-4FB7-91E8-D147F476F1FB}.Test|Any CPU.ActiveCfg = Release|Any CPU
		{814092CD-9CD0-4FB7-91E8-D147F476F1FB}.Test|Any CPU.Build.0 = Release|Any CPU
		{EE8630BC-6191-4C40-9061-12C76342562D}.Debug|Any CPU.ActiveCfg = Debug|Any CPU
		{EE8630BC-6191-4C40-9061-12C76342562D}.Debug|Any CPU.Build.0 = Debug|Any CPU
		{EE8630BC-6191-4C40-9061-12C76342562D}.Release|Any CPU.ActiveCfg = Release|Any CPU
		{EE8630BC-6191-4C40-9061-12C76342562D}.Release|Any CPU.Build.0 = Release|Any CPU
		{EE8630BC-6191-4C40-9061-12C76342562D}.Test|Any CPU.ActiveCfg = Release|Any CPU
		{EE8630BC-6191-4C40-9061-12C76342562D}.Test|Any CPU.Build.0 = Release|Any CPU
		{8C5792A8-ACC3-4371-A32C-359D60260A26}.Debug|Any CPU.ActiveCfg = Debug|Any CPU
		{8C5792A8-ACC3-4371-A32C-359D60260A26}.Debug|Any CPU.Build.0 = Debug|Any CPU
		{8C5792A8-ACC3-4371-A32C-359D60260A26}.Release|Any CPU.ActiveCfg = Release|Any CPU
		{8C5792A8-ACC3-4371-A32C-359D60260A26}.Release|Any CPU.Build.0 = Release|Any CPU
		{8C5792A8-ACC3-4371-A32C-359D60260A26}.Test|Any CPU.ActiveCfg = Release|Any CPU
		{8C5792A8-ACC3-4371-A32C-359D60260A26}.Test|Any CPU.Build.0 = Release|Any CPU
		{E5222921-E8D5-4477-BCB6-A6C6523A8BA6}.Debug|Any CPU.ActiveCfg = Debug|Any CPU
		{E5222921-E8D5-4477-BCB6-A6C6523A8BA6}.Debug|Any CPU.Build.0 = Debug|Any CPU
		{E5222921-E8D5-4477-BCB6-A6C6523A8BA6}.Release|Any CPU.ActiveCfg = Release|Any CPU
		{E5222921-E8D5-4477-BCB6-A6C6523A8BA6}.Release|Any CPU.Build.0 = Release|Any CPU
		{E5222921-E8D5-4477-BCB6-A6C6523A8BA6}.Test|Any CPU.ActiveCfg = Release|Any CPU
		{E5222921-E8D5-4477-BCB6-A6C6523A8BA6}.Test|Any CPU.Build.0 = Release|Any CPU
		{1605E032-8E00-41FE-9535-A6A02F743733}.Debug|Any CPU.ActiveCfg = Debug|Any CPU
		{1605E032-8E00-41FE-9535-A6A02F743733}.Debug|Any CPU.Build.0 = Debug|Any CPU
		{1605E032-8E00-41FE-9535-A6A02F743733}.Release|Any CPU.ActiveCfg = Release|Any CPU
		{1605E032-8E00-41FE-9535-A6A02F743733}.Release|Any CPU.Build.0 = Release|Any CPU
		{1605E032-8E00-41FE-9535-A6A02F743733}.Test|Any CPU.ActiveCfg = Release|Any CPU
		{1605E032-8E00-41FE-9535-A6A02F743733}.Test|Any CPU.Build.0 = Release|Any CPU
		{52AEB631-23D9-4ECB-A959-343AE58866BC}.Debug|Any CPU.ActiveCfg = Debug|Any CPU
		{52AEB631-23D9-4ECB-A959-343AE58866BC}.Debug|Any CPU.Build.0 = Debug|Any CPU
		{52AEB631-23D9-4ECB-A959-343AE58866BC}.Release|Any CPU.ActiveCfg = Release|Any CPU
		{52AEB631-23D9-4ECB-A959-343AE58866BC}.Release|Any CPU.Build.0 = Release|Any CPU
		{52AEB631-23D9-4ECB-A959-343AE58866BC}.Test|Any CPU.ActiveCfg = Release|Any CPU
		{52AEB631-23D9-4ECB-A959-343AE58866BC}.Test|Any CPU.Build.0 = Release|Any CPU
		{527134B6-D0FF-4453-82A4-DE61FFE7BF26}.Debug|Any CPU.ActiveCfg = Debug|Any CPU
		{527134B6-D0FF-4453-82A4-DE61FFE7BF26}.Debug|Any CPU.Build.0 = Debug|Any CPU
		{527134B6-D0FF-4453-82A4-DE61FFE7BF26}.Release|Any CPU.ActiveCfg = Release|Any CPU
		{527134B6-D0FF-4453-82A4-DE61FFE7BF26}.Release|Any CPU.Build.0 = Release|Any CPU
		{527134B6-D0FF-4453-82A4-DE61FFE7BF26}.Test|Any CPU.ActiveCfg = Release|Any CPU
		{527134B6-D0FF-4453-82A4-DE61FFE7BF26}.Test|Any CPU.Build.0 = Release|Any CPU
	EndGlobalSection
	GlobalSection(SolutionProperties) = preSolution
		HideSolutionNode = FALSE
	EndGlobalSection
	GlobalSection(NestedProjects) = preSolution
		{FC8DDB53-2352-4524-86CE-87AA990E002A} = {044FFB9E-C181-4179-937B-BD8F3FAE5DFA}
		{6760178C-6AEB-4D14-9666-E82F448C5FE8} = {044FFB9E-C181-4179-937B-BD8F3FAE5DFA}
		{067A81A2-6C18-48DD-88F0-39F09E6F9DCC} = {044FFB9E-C181-4179-937B-BD8F3FAE5DFA}
		{7323562D-4DCF-4760-BFFF-3A1A27B71424} = {044FFB9E-C181-4179-937B-BD8F3FAE5DFA}
		{E5F9BE49-C976-47A9-BAE5-F89D4662B977} = {044FFB9E-C181-4179-937B-BD8F3FAE5DFA}
		{A504D5D2-30E6-498D-9D09-35E10EA36E9C} = {A5961381-E364-4A31-8DFA-6739B6E3CAD3}
		{171D73B4-AC07-4288-AFCE-698C8AA8CEE1} = {A5961381-E364-4A31-8DFA-6739B6E3CAD3}
		{52EB2090-6DF8-432C-BA3C-EBCED67E6532} = {A5961381-E364-4A31-8DFA-6739B6E3CAD3}
		{9272F56D-4B51-4995-9D08-7FC9BD1BBCE1} = {A5961381-E364-4A31-8DFA-6739B6E3CAD3}
		{85D76861-9950-44BD-8D4E-78B74245CA88} = {FC8DDB53-2352-4524-86CE-87AA990E002A}
		{6EAAC468-51BF-4624-9EE3-6E46062EFD71} = {FC8DDB53-2352-4524-86CE-87AA990E002A}
		{BAC63DA1-441E-40E9-90B0-8AB7992009F7} = {FC8DDB53-2352-4524-86CE-87AA990E002A}
		{61B5E817-C283-43D7-AE07-73B9E6110EAC} = {610814A6-DCC5-4CF0-BC11-543104BDD82B}
		{54FABF0C-CBED-450C-9CBA-2B1846571E10} = {610814A6-DCC5-4CF0-BC11-543104BDD82B}
		{6300A9C9-238B-4341-A640-A8E43C2B62E1} = {044FFB9E-C181-4179-937B-BD8F3FAE5DFA}
		{7D7EDB88-C49D-417E-BCE2-8A7B5C8E0093} = {6300A9C9-238B-4341-A640-A8E43C2B62E1}
		{2E9D59FD-53D8-42ED-A210-9AB2514A6EA9} = {73B5BD48-42EA-4359-993C-3A25A6677456}
		{4D9DFB83-C1CF-49C1-80CB-D1777B098A8F} = {2E9D59FD-53D8-42ED-A210-9AB2514A6EA9}
		{A537F64F-EA1B-4269-B7F6-1413D208292F} = {044FFB9E-C181-4179-937B-BD8F3FAE5DFA}
		{A4A31D15-E767-44DB-93F4-3C84C6970219} = {044FFB9E-C181-4179-937B-BD8F3FAE5DFA}
		{7CA048FA-FA26-46E9-9919-EC0C22F3097E} = {6300A9C9-238B-4341-A640-A8E43C2B62E1}
		{CFC68F4D-2269-4FAF-8B9C-1D7B6EBC1B51} = {A4A31D15-E767-44DB-93F4-3C84C6970219}
		{D49DDB53-041B-4122-9CCE-AA9C0E6AB8DA} = {A4A31D15-E767-44DB-93F4-3C84C6970219}
		{A8CA0E8F-80FB-42F0-A57E-2571922F4F9F} = {A5961381-E364-4A31-8DFA-6739B6E3CAD3}
		{094749B8-4E2B-4A25-BFBC-8EBED8E3A2BC} = {A8CA0E8F-80FB-42F0-A57E-2571922F4F9F}
		{EA38744A-208B-4D39-A482-E589FE0098F6} = {A5961381-E364-4A31-8DFA-6739B6E3CAD3}
		{1D815FBF-451C-4E23-939C-CB80172F445C} = {EA38744A-208B-4D39-A482-E589FE0098F6}
		{54732C3D-B673-4BBF-B0C3-6432E3D6F522} = {EA38744A-208B-4D39-A482-E589FE0098F6}
		{2CA35598-F1A1-4DC9-AA20-A4346BFCB954} = {EA38744A-208B-4D39-A482-E589FE0098F6}
		{814092CD-9CD0-4FB7-91E8-D147F476F1FB} = {EA38744A-208B-4D39-A482-E589FE0098F6}
		{EE8630BC-6191-4C40-9061-12C76342562D} = {EA38744A-208B-4D39-A482-E589FE0098F6}
		{F0D5EA1B-A9BE-4005-88C9-47204FEDB9FB} = {EA38744A-208B-4D39-A482-E589FE0098F6}
		{8C5792A8-ACC3-4371-A32C-359D60260A26} = {F0D5EA1B-A9BE-4005-88C9-47204FEDB9FB}
		{E5222921-E8D5-4477-BCB6-A6C6523A8BA6} = {F0D5EA1B-A9BE-4005-88C9-47204FEDB9FB}
		{1605E032-8E00-41FE-9535-A6A02F743733} = {F0D5EA1B-A9BE-4005-88C9-47204FEDB9FB}
		{52AEB631-23D9-4ECB-A959-343AE58866BC} = {F0D5EA1B-A9BE-4005-88C9-47204FEDB9FB}
		{527134B6-D0FF-4453-82A4-DE61FFE7BF26} = {F0D5EA1B-A9BE-4005-88C9-47204FEDB9FB}
	EndGlobalSection
	GlobalSection(ExtensibilityGlobals) = postSolution
		EnterpriseLibraryConfigurationToolBinariesPathV6 = packages\EnterpriseLibrary.Common.6.0.1304.0\lib\NET45;packages\EnterpriseLibrary.PolicyInjection.6.0.1304.0\lib\NET45;packages\EnterpriseLibrary.Data.6.0.1304.0\lib\NET45;packages\EnterpriseLibrary.ExceptionHandling.6.0.1304.0\lib\NET45;packages\EnterpriseLibrary.Logging.6.0.1304.0\lib\NET45;packages\EnterpriseLibrary.ExceptionHandling.Logging.6.0.1304.0\lib\NET45
	EndGlobalSection
EndGlobal
